# THIS IS AN AUTOGENERATED FILE. DO NOT EDIT THIS FILE DIRECTLY.
# yarn lockfile v1


"@types/node-schedule@^1.2.4":
  version "1.2.4"
  resolved "https://registry.yarnpkg.com/@types/node-schedule/-/node-schedule-1.2.4.tgz#2dce38dd7d87e77cd293113ac72f795fb9f6dfe0"
  integrity sha512-s8ie8rUwAtX0Si75SiKH14akE/Ofw/Hx4Exbulv4wOQJEDerI7zeOaDODr/a1UEaHN19VkmZCt9Q0rFEKrVE5g==
  dependencies:
    "@types/node" "*"

"@types/node@*", "@types/node@^12.7.5":
  version "12.7.5"
  resolved "https://registry.yarnpkg.com/@types/node/-/node-12.7.5.tgz#e19436e7f8e9b4601005d73673b6dc4784ffcc2f"
  integrity sha512-9fq4jZVhPNW8r+UYKnxF1e2HkDWOWKM5bC2/7c9wPV835I0aOrVbS/Hw/pWPk2uKrNXQqg9Z959Kz+IYDd5p3w==

arg@^4.1.0:
  version "4.1.1"
  resolved "https://registry.yarnpkg.com/arg/-/arg-4.1.1.tgz#485f8e7c390ce4c5f78257dbea80d4be11feda4c"
  integrity sha512-SlmP3fEA88MBv0PypnXZ8ZfJhwmDeIE3SP71j37AiXQBXYosPV0x6uISAaHYSlSVhmHOVkomen0tbGk6Anlebw==

buffer-from@^1.0.0:
  version "1.1.1"
  resolved "https://registry.yarnpkg.com/buffer-from/-/buffer-from-1.1.1.tgz#32713bc028f75c02fdb710d7c7bcec1f2c6070ef"
  integrity sha512-MQcXEUbCKtEo7bhqEs6560Hyd4XaovZlO/k9V3hjVUF/zwW7KBVdSK4gIt/bzwS9MbR5qob+F5jusZsb0YQK2A==

cron-parser@^2.7.3:
  version "2.13.0"
  resolved "https://registry.yarnpkg.com/cron-parser/-/cron-parser-2.13.0.tgz#6f930bb6f2931790d2a9eec83b3ec276e27a6725"
  integrity sha512-UWeIpnRb0eyoWPVk+pD3TDpNx3KCFQeezO224oJIkktBrcW6RoAPOx5zIKprZGfk6vcYSmA8yQXItejSaDBhbQ==
  dependencies:
    is-nan "^1.2.1"
    moment-timezone "^0.5.25"

define-properties@^1.1.1:
  version "1.1.3"
  resolved "https://registry.yarnpkg.com/define-properties/-/define-properties-1.1.3.tgz#cf88da6cbee26fe6db7094f61d870cbd84cee9f1"
  integrity sha512-3MqfYKj2lLzdMSf8ZIZE/V+Zuy+BgD6f164e8K2w7dgnpKArBDerGYpM46IYYcjnkdPNMjPk9A6VFB8+3SKlXQ==
  dependencies:
    object-keys "^1.0.12"

diff@^4.0.1:
  version "4.0.1"
  resolved "https://registry.yarnpkg.com/diff/-/diff-4.0.1.tgz#0c667cb467ebbb5cea7f14f135cc2dba7780a8ff"
  integrity sha512-s2+XdvhPCOF01LRQBC8hf4vhbVmI2CGS5aZnxLJlT5FtdhPCDFq80q++zK2KlrVorVDdL5BOGZ/VfLrVtYNF+Q==

is-nan@^1.2.1:
  version "1.2.1"
  resolved "https://registry.yarnpkg.com/is-nan/-/is-nan-1.2.1.tgz#9faf65b6fb6db24b7f5c0628475ea71f988401e2"
  integrity sha1-n69ltvttskt/XAYoR16nH5iEAeI=
  dependencies:
    define-properties "^1.1.1"

long-timeout@0.1.1:
  version "0.1.1"
  resolved "https://registry.yarnpkg.com/long-timeout/-/long-timeout-0.1.1.tgz#9721d788b47e0bcb5a24c2e2bee1a0da55dab514"
  integrity sha1-lyHXiLR+C8taJMLivuGg2lXatRQ=

make-error@^1.1.1:
  version "1.3.5"
  resolved "https://registry.yarnpkg.com/make-error/-/make-error-1.3.5.tgz#efe4e81f6db28cadd605c70f29c831b58ef776c8"
  integrity sha512-c3sIjNUow0+8swNwVpqoH4YCShKNFkMaw6oH1mNS2haDZQqkeZFlHS3dhoeEbKKmJB4vXpJucU6oH75aDYeE9g==

moment-timezone@^0.5.25:
  version "0.5.26"
  resolved "https://registry.yarnpkg.com/moment-timezone/-/moment-timezone-0.5.26.tgz#c0267ca09ae84631aa3dc33f65bedbe6e8e0d772"
  integrity sha512-sFP4cgEKTCymBBKgoxZjYzlSovC20Y6J7y3nanDc5RoBIXKlZhoYwBoZGe3flwU6A372AcRwScH8KiwV6zjy1g==
  dependencies:
    moment ">= 2.9.0"

"moment@>= 2.9.0":
  version "2.29.4"
  resolved "https://registry.yarnpkg.com/moment/-/moment-2.29.4.tgz#3dbe052889fe7c1b2ed966fcb3a77328964ef108"
  integrity sha512-5LC9SOxjSc2HF6vO2CyuTDNivEdoz2IvyJJGj6X8DJ0eFyfszE0QiEd+iXmBvUP3WHxSjFH/vIsA0EN00cgr8w==

node-schedule@^1.3.2:
  version "1.3.2"
  resolved "https://registry.yarnpkg.com/node-schedule/-/node-schedule-1.3.2.tgz#d774b383e2a6f6ade59eecc62254aea07cd758cb"
  integrity sha512-GIND2pHMHiReSZSvS6dpZcDH7pGPGFfWBIEud6S00Q8zEIzAs9ommdyRK1ZbQt8y1LyZsJYZgPnyi7gpU2lcdw==
  dependencies:
    cron-parser "^2.7.3"
    long-timeout "0.1.1"
    sorted-array-functions "^1.0.0"

object-keys@^1.0.12:
  version "1.1.1"
  resolved "https://registry.yarnpkg.com/object-keys/-/object-keys-1.1.1.tgz#1c47f272df277f3b1daf061677d9c82e2322c60e"
  integrity sha512-NuAESUOUMrlIXOfHKzD6bpPu3tYt3xvjNdRIQ+FeT0lNb4K8WR70CaDxhuNguS2XG+GjkyMwOzsN5ZktImfhLA==

sorted-array-functions@^1.0.0:
  version "1.2.0"
  resolved "https://registry.yarnpkg.com/sorted-array-functions/-/sorted-array-functions-1.2.0.tgz#43265b21d6e985b7df31621b1c11cc68d8efc7c3"
  integrity sha512-sWpjPhIZJtqO77GN+LD8dDsDKcWZ9GCOJNqKzi1tvtjGIzwfoyuRH8S0psunmc6Z5P+qfDqztSbwYR5X/e1UTg==

source-map-support@^0.5.6:
  version "0.5.13"
  resolved "https://registry.yarnpkg.com/source-map-support/-/source-map-support-0.5.13.tgz#31b24a9c2e73c2de85066c0feb7d44767ed52932"
  integrity sha512-SHSKFHadjVA5oR4PPqhtAVdcBWwRYVd6g6cAXnIbRiIwc2EhPrTuKUBdSLvlEKyIP3GCf89fltvcZiP9MMFA1w==
  dependencies:
    buffer-from "^1.0.0"
    source-map "^0.6.0"

source-map@^0.6.0:
  version "0.6.1"
  resolved "https://registry.yarnpkg.com/source-map/-/source-map-0.6.1.tgz#74722af32e9614e9c287a8d0bbde48b5e2f1a263"
  integrity sha512-UjgapumWlbMhkBgzT7Ykc5YXUT46F0iKu8SGXq0bcwP5dz/h0Plj6enJqjz1Zbq2l5WaqYnrVbwWOWMyF3F47g==

ts-node@^8.4.1:
  version "8.4.1"
  resolved "https://registry.yarnpkg.com/ts-node/-/ts-node-8.4.1.tgz#270b0dba16e8723c9fa4f9b4775d3810fd994b4f"
  integrity sha512-5LpRN+mTiCs7lI5EtbXmF/HfMeCjzt7DH9CZwtkr6SywStrNQC723wG+aOWFiLNn7zT3kD/RnFqi3ZUfr4l5Qw==
  dependencies:
    arg "^4.1.0"
    diff "^4.0.1"
    make-error "^1.1.1"
    source-map-support "^0.5.6"
    yn "^3.0.0"

typescript@^3.6.3:
  version "3.6.3"
  resolved "https://registry.yarnpkg.com/typescript/-/typescript-3.6.3.tgz#fea942fabb20f7e1ca7164ff626f1a9f3f70b4da"
  integrity sha512-N7bceJL1CtRQ2RiG0AQME13ksR7DiuQh/QehubYcghzv20tnh+MQnQIuJddTmsbqYj+dztchykemz0zFzlvdQw==

yn@^3.0.0:
  version "3.1.1"
  resolved "https://registry.yarnpkg.com/yn/-/yn-3.1.1.tgz#1e87401a09d767c1d5eab26a6e4c185182d2eb50"
  integrity sha512-Ux4ygGWsu2c7isFWe8Yu1YluJmqVhxqK2cLXNQA5AcC3QfbGNpM7fu0Y8b/z16pXLnFxZYvWhd3fhBY9DLmC6Q==
